// !$*UTF8*$!
{
	archiveVersion = 1;
	classes = {
	};
	objectVersion = 56;
	objects = {

/* Begin PBXBuildFile section */
		B396DFF42B30E96000B90053 /* webUiKit_testApp.swift in Sources */ = {isa = PBXBuildFile; fileRef = B396DFF32B30E96000B90053 /* webUiKit_testApp.swift */; };
		B396DFF62B30E96000B90053 /* ContentView.swift in Sources */ = {isa = PBXBuildFile; fileRef = B396DFF52B30E96000B90053 /* ContentView.swift */; };
		B396DFF82B30E96100B90053 /* Assets.xcassets in Resources */ = {isa = PBXBuildFile; fileRef = B396DFF72B30E96100B90053 /* Assets.xcassets */; };
		B396DFFB2B30E96100B90053 /* Preview Assets.xcassets in Resources */ = {isa = PBXBuildFile; fileRef = B396DFFA2B30E96100B90053 /* Preview Assets.xcassets */; };
		B396E0052B30E96200B90053 /* webUiKit_testTests.swift in Sources */ = {isa = PBXBuildFile; fileRef = B396E0042B30E96200B90053 /* webUiKit_testTests.swift */; };
		B396E00F2B30E96200B90053 /* webUiKit_testUITests.swift in Sources */ = {isa = PBXBuildFile; fileRef = B396E00E2B30E96200B90053 /* webUiKit_testUITests.swift */; };
		B396E0112B30E96200B90053 /* webUiKit_testUITestsLaunchTests.swift in Sources */ = {isa = PBXBuildFile; fileRef = B396E0102B30E96200B90053 /* webUiKit_testUITestsLaunchTests.swift */; };
/* End PBXBuildFile section */

/* Begin PBXContainerItemProxy section */
		B396E0012B30E96200B90053 /* PBXContainerItemProxy */ = {
			isa = PBXContainerItemProxy;
			containerPortal = B396DFE82B30E96000B90053 /* Project object */;
			proxyType = 1;
			remoteGlobalIDString = B396DFEF2B30E96000B90053;
			remoteInfo = webUiKit_test;
		};
		B396E00B2B30E96200B90053 /* PBXContainerItemProxy */ = {
			isa = PBXContainerItemProxy;
			containerPortal = B396DFE82B30E96000B90053 /* Project object */;
			proxyType = 1;
			remoteGlobalIDString = B396DFEF2B30E96000B90053;
			remoteInfo = webUiKit_test;
		};
/* End PBXContainerItemProxy section */

/* Begin PBXFileReference section */
		B396DFF02B30E96000B90053 /* webUiKit_test.app */ = {isa = PBXFileReference; explicitFileType = wrapper.application; includeInIndex = 0; path = webUiKit_test.app; sourceTree = BUILT_PRODUCTS_DIR; };
		B396DFF32B30E96000B90053 /* webUiKit_testApp.swift */ = {isa = PBXFileReference; lastKnownFileType = sourcecode.swift; path = webUiKit_testApp.swift; sourceTree = "<group>"; };
		B396DFF52B30E96000B90053 /* ContentView.swift */ = {isa = PBXFileReference; lastKnownFileType = sourcecode.swift; path = ContentView.swift; sourceTree = "<group>"; };
		B396DFF72B30E96100B90053 /* Assets.xcassets */ = {isa = PBXFileReference; lastKnownFileType = folder.assetcatalog; path = Assets.xcassets; sourceTree = "<group>"; };
		B396DFFA2B30E96100B90053 /* Preview Assets.xcassets */ = {isa = PBXFileReference; lastKnownFileType = folder.assetcatalog; path = "Preview Assets.xcassets"; sourceTree = "<group>"; };
		B396E0002B30E96200B90053 /* webUiKit_testTests.xctest */ = {isa = PBXFileReference; explicitFileType = wrapper.cfbundle; includeInIndex = 0; path = webUiKit_testTests.xctest; sourceTree = BUILT_PRODUCTS_DIR; };
		B396E0042B30E96200B90053 /* webUiKit_testTests.swift */ = {isa = PBXFileReference; lastKnownFileType = sourcecode.swift; path = webUiKit_testTests.swift; sourceTree = "<group>"; };
		B396E00A2B30E96200B90053 /* webUiKit_testUITests.xctest */ = {isa = PBXFileReference; explicitFileType = wrapper.cfbundle; includeInIndex = 0; path = webUiKit_testUITests.xctest; sourceTree = BUILT_PRODUCTS_DIR; };
		B396E00E2B30E96200B90053 /* webUiKit_testUITests.swift */ = {isa = PBXFileReference; lastKnownFileType = sourcecode.swift; path = webUiKit_testUITests.swift; sourceTree = "<group>"; };
		B396E0102B30E96200B90053 /* webUiKit_testUITestsLaunchTests.swift */ = {isa = PBXFileReference; lastKnownFileType = sourcecode.swift; path = webUiKit_testUITestsLaunchTests.swift; sourceTree = "<group>"; };
/* End PBXFileReference section */

/* Begin PBXFrameworksBuildPhase section */
		B396DFED2B30E96000B90053 /* Frameworks */ = {
			isa = PBXFrameworksBuildPhase;
			buildActionMask = 2147483647;
			files = (
			);
			runOnlyForDeploymentPostprocessing = 0;
		};
		B396DFFD2B30E96200B90053 /* Frameworks */ = {
			isa = PBXFrameworksBuildPhase;
			buildActionMask = 2147483647;
			files = (
			);
			runOnlyForDeploymentPostprocessing = 0;
		};
		B396E0072B30E96200B90053 /* Frameworks */ = {
			isa = PBXFrameworksBuildPhase;
			buildActionMask = 2147483647;
			files = (
			);
			runOnlyForDeploymentPostprocessing = 0;
		};
/* End PBXFrameworksBuildPhase section */

/* Begin PBXGroup section */
		B396DFE72B30E96000B90053 = {
			isa = PBXGroup;
			children = (
				B396DFF22B30E96000B90053 /* webUiKit_test */,
				B396E0032B30E96200B90053 /* webUiKit_testTests */,
				B396E00D2B30E96200B90053 /* webUiKit_testUITests */,
				B396DFF12B30E96000B90053 /* Products */,
			);
			sourceTree = "<group>";
		};
		B396DFF12B30E96000B90053 /* Products */ = {
			isa = PBXGroup;
			children = (
				B396DFF02B30E96000B90053 /* webUiKit_test.app */,
				B396E0002B30E96200B90053 /* webUiKit_testTests.xctest */,
				B396E00A2B30E96200B90053 /* webUiKit_testUITests.xctest */,
			);
			name = Products;
			sourceTree = "<group>";
		};
		B396DFF22B30E96000B90053 /* webUiKit_test */ = {
			isa = PBXGroup;
			children = (
				B396DFF32B30E96000B90053 /* webUiKit_testApp.swift */,
				B396DFF52B30E96000B90053 /* ContentView.swift */,
				B396DFF72B30E96100B90053 /* Assets.xcassets */,
				B396DFF92B30E96100B90053 /* Preview Content */,
			);
			path = webUiKit_test;
			sourceTree = "<group>";
		};
		B396DFF92B30E96100B90053 /* Preview Content */ = {
			isa = PBXGroup;
			children = (
				B396DFFA2B30E96100B90053 /* Preview Assets.xcassets */,
			);
			path = "Preview Content";
			sourceTree = "<group>";
		};
		B396E0032B30E96200B90053 /* webUiKit_testTests */ = {
			isa = PBXGroup;
			children = (
				B396E0042B30E96200B90053 /* webUiKit_testTests.swift */,
			);
			path = webUiKit_testTests;
			sourceTree = "<group>";
		};
		B396E00D2B30E96200B90053 /* webUiKit_testUITests */ = {
			isa = PBXGroup;
			children = (
				B396E00E2B30E96200B90053 /* webUiKit_testUITests.swift */,
				B396E0102B30E96200B90053 /* webUiKit_testUITestsLaunchTests.swift */,
			);
			path = webUiKit_testUITests;
			sourceTree = "<group>";
		};
/* End PBXGroup section */

/* Begin PBXNativeTarget section */
		B396DFEF2B30E96000B90053 /* webUiKit_test */ = {
			isa = PBXNativeTarget;
			buildConfigurationList = B396E0142B30E96200B90053 /* Build configuration list for PBXNativeTarget "webUiKit_test" */;
			buildPhases = (
				B396DFEC2B30E96000B90053 /* Sources */,
				B396DFED2B30E96000B90053 /* Frameworks */,
				B396DFEE2B30E96000B90053 /* Resources */,
			);
			buildRules = (
			);
			dependencies = (
			);
			name = webUiKit_test;
			productName = webUiKit_test;
			productReference = B396DFF02B30E96000B90053 /* webUiKit_test.app */;
			productType = "com.apple.product-type.application";
		};
		B396DFFF2B30E96200B90053 /* webUiKit_testTests */ = {
			isa = PBXNativeTarget;
			buildConfigurationList = B396E0172B30E96200B90053 /* Build configuration list for PBXNativeTarget "webUiKit_testTests" */;
			buildPhases = (
				B396DFFC2B30E96200B90053 /* Sources */,
				B396DFFD2B30E96200B90053 /* Frameworks */,
				B396DFFE2B30E96200B90053 /* Resources */,
			);
			buildRules = (
			);
			dependencies = (
				B396E0022B30E96200B90053 /* PBXTargetDependency */,
			);
			name = webUiKit_testTests;
			productName = webUiKit_testTests;
			productReference = B396E0002B30E96200B90053 /* webUiKit_testTests.xctest */;
			productType = "com.apple.product-type.bundle.unit-test";
		};
		B396E0092B30E96200B90053 /* webUiKit_testUITests */ = {
			isa = PBXNativeTarget;
			buildConfigurationList = B396E01A2B30E96200B90053 /* Build configuration list for PBXNativeTarget "webUiKit_testUITests" */;
			buildPhases = (
				B396E0062B30E96200B90053 /* Sources */,
				B396E0072B30E96200B90053 /* Frameworks */,
				B396E0082B30E96200B90053 /* Resources */,
			);
			buildRules = (
			);
			dependencies = (
				B396E00C2B30E96200B90053 /* PBXTargetDependency */,
			);
			name = webUiKit_testUITests;
			productName = webUiKit_testUITests;
			productReference = B396E00A2B30E96200B90053 /* webUiKit_testUITests.xctest */;
			productType = "com.apple.product-type.bundle.ui-testing";
		};
/* End PBXNativeTarget section */

/* Begin PBXProject section */
		B396DFE82B30E96000B90053 /* Project object */ = {
			isa = PBXProject;
			attributes = {
				BuildIndependentTargetsInParallel = 1;
				LastSwiftUpdateCheck = 1500;
				LastUpgradeCheck = 1500;
				TargetAttributes = {
					B396DFEF2B30E96000B90053 = {
						CreatedOnToolsVersion = 15.0.1;
					};
					B396DFFF2B30E96200B90053 = {
						CreatedOnToolsVersion = 15.0.1;
						TestTargetID = B396DFEF2B30E96000B90053;
					};
					B396E0092B30E96200B90053 = {
						CreatedOnToolsVersion = 15.0.1;
						TestTargetID = B396DFEF2B30E96000B90053;
					};
				};
			};
			buildConfigurationList = B396DFEB2B30E96000B90053 /* Build configuration list for PBXProject "webUiKit_test" */;
			compatibilityVersion = "Xcode 14.0";
			developmentRegion = en;
			hasScannedForEncodings = 0;
			knownRegions = (
				en,
				Base,
			);
			mainGroup = B396DFE72B30E96000B90053;
			productRefGroup = B396DFF12B30E96000B90053 /* Products */;
			projectDirPath = "";
			projectRoot = "";
			targets = (
				B396DFEF2B30E96000B90053 /* webUiKit_test */,
				B396DFFF2B30E96200B90053 /* webUiKit_testTests */,
				B396E0092B30E96200B90053 /* webUiKit_testUITests */,
			);
		};
/* End PBXProject section */

/* Begin PBXResourcesBuildPhase section */
		B396DFEE2B30E96000B90053 /* Resources */ = {
			isa = PBXResourcesBuildPhase;
			buildActionMask = 2147483647;
			files = (
				B396DFFB2B30E96100B90053 /* Preview Assets.xcassets in Resources */,
				B396DFF82B30E96100B90053 /* Assets.xcassets in Resources */,
			);
			runOnlyForDeploymentPostprocessing = 0;
		};
		B396DFFE2B30E96200B90053 /* Resources */ = {
			isa = PBXResourcesBuildPhase;
			buildActionMask = 2147483647;
			files = (
			);
			runOnlyForDeploymentPostprocessing = 0;
		};
		B396E0082B30E96200B90053 /* Resources */ = {
			isa = PBXResourcesBuildPhase;
			buildActionMask = 2147483647;
			files = (
			);
			runOnlyForDeploymentPostprocessing = 0;
		};
/* End PBXResourcesBuildPhase section */

/* Begin PBXSourcesBuildPhase section */
		B396DFEC2B30E96000B90053 /* Sources */ = {
			isa = PBXSourcesBuildPhase;
			buildActionMask = 2147483647;
			files = (
				B396DFF62B30E96000B90053 /* ContentView.swift in Sources */,
				B396DFF42B30E96000B90053 /* webUiKit_testApp.swift in Sources */,
			);
			runOnlyForDeploymentPostprocessing = 0;
		};
		B396DFFC2B30E96200B90053 /* Sources */ = {
			isa = PBXSourcesBuildPhase;
			buildActionMask = 2147483647;
			files = (
				B396E0052B30E96200B90053 /* webUiKit_testTests.swift in Sources */,
			);
			runOnlyForDeploymentPostprocessing = 0;
		};
		B396E0062B30E96200B90053 /* Sources */ = {
			isa = PBXSourcesBuildPhase;
			buildActionMask = 2147483647;
			files = (
				B396E0112B30E96200B90053 /* webUiKit_testUITestsLaunchTests.swift in Sources */,
				B396E00F2B30E96200B90053 /* webUiKit_testUITests.swift in Sources */,
			);
			runOnlyForDeploymentPostprocessing = 0;
		};
/* End PBXSourcesBuildPhase section */

/* Begin PBXTargetDependency section */
		B396E0022B30E96200B90053 /* PBXTargetDependency */ = {
			isa = PBXTargetDependency;
			target = B396DFEF2B30E96000B90053 /* webUiKit_test */;
			targetProxy = B396E0012B30E96200B90053 /* PBXContainerItemProxy */;
		};
		B396E00C2B30E96200B90053 /* PBXTargetDependency */ = {
			isa = PBXTargetDependency;
			target = B396DFEF2B30E96000B90053 /* webUiKit_test */;
			targetProxy = B396E00B2B30E96200B90053 /* PBXContainerItemProxy */;
		};
/* End PBXTargetDependency section */

/* Begin XCBuildConfiguration section */
		B396E0122B30E96200B90053 /* Debug */ = {
			isa = XCBuildConfiguration;
			buildSettings = {
				ALWAYS_SEARCH_USER_PATHS = NO;
				ASSETCATALOG_COMPILER_GENERATE_SWIFT_ASSET_SYMBOL_EXTENSIONS = YES;
				CLANG_ANALYZER_NONNULL = YES;
				CLANG_ANALYZER_NUMBER_OBJECT_CONVERSION = YES_AGGRESSIVE;
				CLANG_CXX_LANGUAGE_STANDARD = "gnu++20";
				CLANG_ENABLE_MODULES = YES;
				CLANG_ENABLE_OBJC_ARC = YES;
				CLANG_ENABLE_OBJC_WEAK = YES;
				CLANG_WARN_BLOCK_CAPTURE_AUTORELEASING = YES;
				CLANG_WARN_BOOL_CONVERSION = YES;
				CLANG_WARN_COMMA = YES;
				CLANG_WARN_CONSTANT_CONVERSION = YES;
				CLANG_WARN_DEPRECATED_OBJC_IMPLEMENTATIONS = YES;
				CLANG_WARN_DIRECT_OBJC_ISA_USAGE = YES_ERROR;
				CLANG_WARN_DOCUMENTATION_COMMENTS = YES;
				CLANG_WARN_EMPTY_BODY = YES;
				CLANG_WARN_ENUM_CONVERSION = YES;
				CLANG_WARN_INFINITE_RECURSION = YES;
				CLANG_WARN_INT_CONVERSION = YES;
				CLANG_WARN_NON_LITERAL_NULL_CONVERSION = YES;
				CLANG_WARN_OBJC_IMPLICIT_RETAIN_SELF = YES;
				CLANG_WARN_OBJC_LITERAL_CONVERSION = YES;
				CLANG_WARN_OBJC_ROOT_CLASS = YES_ERROR;
				CLANG_WARN_QUOTED_INCLUDE_IN_FRAMEWORK_HEADER = YES;
				CLANG_WARN_RANGE_LOOP_ANALYSIS = YES;
				CLANG_WARN_STRICT_PROTOTYPES = YES;
				CLANG_WARN_SUSPICIOUS_MOVE = YES;
				CLANG_WARN_UNGUARDED_AVAILABILITY = YES_AGGRESSIVE;
				CLANG_WARN_UNREACHABLE_CODE = YES;
				CLANG_WARN__DUPLICATE_METHOD_MATCH = YES;
				COPY_PHASE_STRIP = NO;
				DEBUG_INFORMATION_FORMAT = dwarf;
				ENABLE_STRICT_OBJC_MSGSEND = YES;
				ENABLE_TESTABILITY = YES;
				ENABLE_USER_SCRIPT_SANDBOXING = YES;
				GCC_C_LANGUAGE_STANDARD = gnu17;
				GCC_DYNAMIC_NO_PIC = NO;
				GCC_NO_COMMON_BLOCKS = YES;
				GCC_OPTIMIZATION_LEVEL = 0;
				GCC_PREPROCESSOR_DEFINITIONS = (
					"DEBUG=1",
					"$(inherited)",
				);
				GCC_WARN_64_TO_32_BIT_CONVERSION = YES;
				GCC_WARN_ABOUT_RETURN_TYPE = YES_ERROR;
				GCC_WARN_UNDECLARED_SELECTOR = YES;
				GCC_WARN_UNINITIALIZED_AUTOS = YES_AGGRESSIVE;
				GCC_WARN_UNUSED_FUNCTION = YES;
				GCC_WARN_UNUSED_VARIABLE = YES;
				IPHONEOS_DEPLOYMENT_TARGET = 17.0;
				LOCALIZATION_PREFERS_STRING_CATALOGS = YES;
				MTL_ENABLE_DEBUG_INFO = INCLUDE_SOURCE;
				MTL_FAST_MATH = YES;
				ONLY_ACTIVE_ARCH = YES;
				SDKROOT = iphoneos;
				SWIFT_ACTIVE_COMPILATION_CONDITIONS = "DEBUG $(inherited)";
				SWIFT_OPTIMIZATION_LEVEL = "-Onone";
			};
			name = Debug;
		};
		B396E0132B30E96200B90053 /* Release */ = {
			isa = XCBuildConfiguration;
			buildSettings = {
				ALWAYS_SEARCH_USER_PATHS = NO;
				ASSETCATALOG_COMPILER_GENERATE_SWIFT_ASSET_SYMBOL_EXTENSIONS = YES;
				CLANG_ANALYZER_NONNULL = YES;
				CLANG_ANALYZER_NUMBER_OBJECT_CONVERSION = YES_AGGRESSIVE;
				CLANG_CXX_LANGUAGE_STANDARD = "gnu++20";
				CLANG_ENABLE_MODULES = YES;
				CLANG_ENABLE_OBJC_ARC = YES;
				CLANG_ENABLE_OBJC_WEAK = YES;
				CLANG_WARN_BLOCK_CAPTURE_AUTORELEASING = YES;
				CLANG_WARN_BOOL_CONVERSION = YES;
				CLANG_WARN_COMMA = YES;
				CLANG_WARN_CONSTANT_CONVERSION = YES;
				CLANG_WARN_DEPRECATED_OBJC_IMPLEMENTATIONS = YES;
				CLANG_WARN_DIRECT_OBJC_ISA_USAGE = YES_ERROR;
				CLANG_WARN_DOCUMENTATION_COMMENTS = YES;
				CLANG_WARN_EMPTY_BODY = YES;
				CLANG_WARN_ENUM_CONVERSION = YES;
				CLANG_WARN_INFINITE_RECURSION = YES;
				CLANG_WARN_INT_CONVERSION = YES;
				CLANG_WARN_NON_LITERAL_NULL_CONVERSION = YES;
				CLANG_WARN_OBJC_IMPLICIT_RETAIN_SELF = YES;
				CLANG_WARN_OBJC_LITERAL_CONVERSION = YES;
				CLANG_WARN_OBJC_ROOT_CLASS = YES_ERROR;
				CLANG_WARN_QUOTED_INCLUDE_IN_FRAMEWORK_HEADER = YES;
				CLANG_WARN_RANGE_LOOP_ANALYSIS = YES;
				CLANG_WARN_STRICT_PROTOTYPES = YES;
				CLANG_WARN_SUSPICIOUS_MOVE = YES;
				CLANG_WARN_UNGUARDED_AVAILABILITY = YES_AGGRESSIVE;
				CLANG_WARN_UNREACHABLE_CODE = YES;
				CLANG_WARN__DUPLICATE_METHOD_MATCH = YES;
				COPY_PHASE_STRIP = NO;
				DEBUG_INFORMATION_FORMAT = "dwarf-with-dsym";
				ENABLE_NS_ASSERTIONS = NO;
				ENABLE_STRICT_OBJC_MSGSEND = YES;
				ENABLE_USER_SCRIPT_SANDBOXING = YES;
				GCC_C_LANGUAGE_STANDARD = gnu17;
				GCC_NO_COMMON_BLOCKS = YES;
				GCC_WARN_64_TO_32_BIT_CONVERSION = YES;
				GCC_WARN_ABOUT_RETURN_TYPE = YES_ERROR;
				GCC_WARN_UNDECLARED_SELECTOR = YES;
				GCC_WARN_UNINITIALIZED_AUTOS = YES_AGGRESSIVE;
				GCC_WARN_UNUSED_FUNCTION = YES;
				GCC_WARN_UNUSED_VARIABLE = YES;
				IPHONEOS_DEPLOYMENT_TARGET = 17.0;
				LOCALIZATION_PREFERS_STRING_CATALOGS = YES;
				MTL_ENABLE_DEBUG_INFO = NO;
				MTL_FAST_MATH = YES;
				SDKROOT = iphoneos;
				SWIFT_COMPILATION_MODE = wholemodule;
				VALIDATE_PRODUCT = YES;
			};
			name = Release;
		};
		B396E0152B30E96200B90053 /* Debug */ = {
			isa = XCBuildConfiguration;
			buildSettings = {
				ASSETCATALOG_COMPILER_APPICON_NAME = AppIcon;
				ASSETCATALOG_COMPILER_GLOBAL_ACCENT_COLOR_NAME = AccentColor;
				CODE_SIGN_STYLE = Automatic;
				CURRENT_PROJECT_VERSION = 1;
				DEVELOPMENT_ASSET_PATHS = "\"webUiKit_test/Preview Content\"";
				ENABLE_PREVIEWS = YES;
				GENERATE_INFOPLIST_FILE = YES;
				INFOPLIST_KEY_UIApplicationSceneManifest_Generation = YES;
				INFOPLIST_KEY_UIApplicationSupportsIndirectInputEvents = YES;
				INFOPLIST_KEY_UILaunchScreen_Generation = YES;
				INFOPLIST_KEY_UISupportedInterfaceOrientations_iPad = "UIInterfaceOrientationPortrait UIInterfaceOrientationPortraitUpsideDown UIInterfaceOrientationLandscapeLeft UIInterfaceOrientationLandscapeRight";
				INFOPLIST_KEY_UISupportedInterfaceOrientations_iPhone = "UIInterfaceOrientationPortrait UIInterfaceOrientationLandscapeLeft UIInterfaceOrientationLandscapeRight";
				LD_RUNPATH_SEARCH_PATHS = (
					"$(inherited)",
					"@executable_path/Frameworks",
				);
				MARKETING_VERSION = 1.0;
				PRODUCT_BUNDLE_IDENTIFIER = "eaw.webUiKit-test";
				PRODUCT_NAME = "$(TARGET_NAME)";
				SWIFT_EMIT_LOC_STRINGS = YES;
				SWIFT_VERSION = 5.0;
				TARGETED_DEVICE_FAMILY = "1,2";
			};
			name = Debug;
		};
		B396E0162B30E96200B90053 /* Release */ = {
			isa = XCBuildConfiguration;
			buildSettings = {
				ASSETCATALOG_COMPILER_APPICON_NAME = AppIcon;
				ASSETCATALOG_COMPILER_GLOBAL_ACCENT_COLOR_NAME = AccentColor;
				CODE_SIGN_STYLE = Automatic;
				CURRENT_PROJECT_VERSION = 1;
				DEVELOPMENT_ASSET_PATHS = "\"webUiKit_test/Preview Content\"";
				ENABLE_PREVIEWS = YES;
				GENERATE_INFOPLIST_FILE = YES;
				INFOPLIST_KEY_UIApplicationSceneManifest_Generation = YES;
				INFOPLIST_KEY_UIApplicationSupportsIndirectInputEvents = YES;
				INFOPLIST_KEY_UILaunchScreen_Generation = YES;
				INFOPLIST_KEY_UISupportedInterfaceOrientations_iPad = "UIInterfaceOrientationPortrait UIInterfaceOrientationPortraitUpsideDown UIInterfaceOrientationLandscapeLeft UIInterfaceOrientationLandscapeRight";
				INFOPLIST_KEY_UISupportedInterfaceOrientations_iPhone = "UIInterfaceOrientationPortrait UIInterfaceOrientationLandscapeLeft UIInterfaceOrientationLandscapeRight";
				LD_RUNPATH_SEARCH_PATHS = (
					"$(inherited)",
					"@executable_path/Frameworks",
				);
				MARKETING_VERSION = 1.0;
				PRODUCT_BUNDLE_IDENTIFIER = "eaw.webUiKit-test";
				PRODUCT_NAME = "$(TARGET_NAME)";
				SWIFT_EMIT_LOC_STRINGS = YES;
				SWIFT_VERSION = 5.0;
				TARGETED_DEVICE_FAMILY = "1,2";
			};
			name = Release;
		};
		B396E0182B30E96200B90053 /* Debug */ = {
			isa = XCBuildConfiguration;
			buildSettings = {
				ALWAYS_EMBED_SWIFT_STANDARD_LIBRARIES = YES;
				BUNDLE_LOADER = "$(TEST_HOST)";
				CODE_SIGN_STYLE = Automatic;
				CURRENT_PROJECT_VERSION = 1;
				GENERATE_INFOPLIST_FILE = YES;
				IPHONEOS_DEPLOYMENT_TARGET = 17.0;
				MARKETING_VERSION = 1.0;
				PRODUCT_BUNDLE_IDENTIFIER = "eaw.webUiKit-testTests";
				PRODUCT_NAME = "$(TARGET_NAME)";
				SWIFT_EMIT_LOC_STRINGS = NO;
				SWIFT_VERSION = 5.0;
				TARGETED_DEVICE_FAMILY = "1,2";
				TEST_HOST = "$(BUILT_PRODUCTS_DIR)/webUiKit_test.app/$(BUNDLE_EXECUTABLE_FOLDER_PATH)/webUiKit_test";
			};
			name = Debug;
		};
		B396E0192B30E96200B90053 /* Release */ = {
			isa = XCBuildConfiguration;
			buildSettings = {
				ALWAYS_EMBED_SWIFT_STANDARD_LIBRARIES = YES;
				BUNDLE_LOADER = "$(TEST_HOST)";
				CODE_SIGN_STYLE = Automatic;
				CURRENT_PROJECT_VERSION = 1;
				GENERATE_INFOPLIST_FILE = YES;
				IPHONEOS_DEPLOYMENT_TARGET = 17.0;
				MARKETING_VERSION = 1.0;
				PRODUCT_BUNDLE_IDENTIFIER = "eaw.webUiKit-testTests";
				PRODUCT_NAME = "$(TARGET_NAME)";
				SWIFT_EMIT_LOC_STRINGS = NO;
				SWIFT_VERSION = 5.0;
				TARGETED_DEVICE_FAMILY = "1,2";
				TEST_HOST = "$(BUILT_PRODUCTS_DIR)/webUiKit_test.app/$(BUNDLE_EXECUTABLE_FOLDER_PATH)/webUiKit_test";
			};
			name = Release;
		};
		B396E01B2B30E96200B90053 /* Debug */ = {
			isa = XCBuildConfiguration;
			buildSettings = {
				ALWAYS_EMBED_SWIFT_STANDARD_LIBRARIES = YES;
				CODE_SIGN_STYLE = Automatic;
				CURRENT_PROJECT_VERSION = 1;
				GENERATE_INFOPLIST_FILE = YES;
				MARKETING_VERSION = 1.0;
				PRODUCT_BUNDLE_IDENTIFIER = "eaw.webUiKit-testUITests";
				PRODUCT_NAME = "$(TARGET_NAME)";
				SWIFT_EMIT_LOC_STRINGS = NO;
				SWIFT_VERSION = 5.0;
				TARGETED_DEVICE_FAMILY = "1,2";
				TEST_TARGET_NAME = webUiKit_test;
			};
			name = Debug;
		};
		B396E01C2B30E96200B90053 /* Release */ = {
			isa = XCBuildConfiguration;
			buildSettings = {
				ALWAYS_EMBED_SWIFT_STANDARD_LIBRARIES = YES;
				CODE_SIGN_STYLE = Automatic;
				CURRENT_PROJECT_VERSION = 1;
				GENERATE_INFOPLIST_FILE = YES;
				MARKETING_VERSION = 1.0;
				PRODUCT_BUNDLE_IDENTIFIER = "eaw.webUiKit-testUITests";
				PRODUCT_NAME = "$(TARGET_NAME)";
				SWIFT_EMIT_LOC_STRINGS = NO;
				SWIFT_VERSION = 5.0;
				TARGETED_DEVICE_FAMILY = "1,2";
				TEST_TARGET_NAME = webUiKit_test;
			};
			name = Release;
		};
/* End XCBuildConfiguration section */

/* Begin XCConfigurationList section */
		B396DFEB2B30E96000B90053 /* Build configuration list for PBXProject "webUiKit_test" */ = {
			isa = XCConfigurationList;
			buildConfigurations = (
				B396E0122B30E96200B90053 /* Debug */,
				B396E0132B30E96200B90053 /* Release */,
			);
			defaultConfigurationIsVisible = 0;
			defaultConfigurationName = Release;
		};
		B396E0142B30E96200B90053 /* Build configuration list for PBXNativeTarget "webUiKit_test" */ = {
			isa = XCConfigurationList;
			buildConfigurations = (
				B396E0152B30E96200B90053 /* Debug */,
				B396E0162B30E96200B90053 /* Release */,
			);
			defaultConfigurationIsVisible = 0;
			defaultConfigurationName = Release;
		};
		B396E0172B30E96200B90053 /* Build configuration list for PBXNativeTarget "webUiKit_testTests" */ = {
			isa = XCConfigurationList;
			buildConfigurations = (
				B396E0182B30E96200B90053 /* Debug */,
				B396E0192B30E96200B90053 /* Release */,
			);
			defaultConfigurationIsVisible = 0;
			defaultConfigurationName = Release;
		};
		B396E01A2B30E96200B90053 /* Build configuration list for PBXNativeTarget "webUiKit_testUITests" */ = {
			isa = XCConfigurationList;
			buildConfigurations = (
				B396E01B2B30E96200B90053 /* Debug */,
				B396E01C2B30E96200B90053 /* Release */,
			);
			defaultConfigurationIsVisible = 0;
			defaultConfigurationName = Release;
		};
/* End XCConfigurationList section */
	};
	rootObject = B396DFE82B30E96000B90053 /* Project object */;
}
